
Microsoft Visual Studio Solution File, Format Version 12.00
# Visual Studio 2013
VisualStudioVersion = 12.0.21005.1
MinimumVisualStudioVersion = 10.0.40219.1
Project("{FAE04EC0-301F-11D3-BF4B-00C04F79EFBC}") = "SearchingTools", "SearchingTools\SearchingTools.csproj", "{A86B60A2-6C0C-4720-B34A-36D6F5F7CEBC}"
EndProject
Project("{FAE04EC0-301F-11D3-BF4B-00C04F79EFBC}") = "BitmapSearcher", "WrappedSearcher\BitmapSearcher.csproj", "{D868685A-E928-4F44-87F0-EDC2BDC716C9}"
EndProject
Project("{FAE04EC0-301F-11D3-BF4B-00C04F79EFBC}") = "BitmapSearcherStore", "BitmapSearcherStore\BitmapSearcherStore.csproj", "{27CA658C-F9FD-4A20-8667-E442C9A67959}"
EndProject
Project("{FAE04EC0-301F-11D3-BF4B-00C04F79EFBC}") = "StoreEditor", "StoreEditor\StoreEditor.csproj", "{1CCB50C8-A3FF-4DF9-8E55-11FFD247CED5}"
EndProject
Project("{FAE04EC0-301F-11D3-BF4B-00C04F79EFBC}") = "MouseManipulator", "MouseManipulator\MouseManipulator.csproj", "{1253FD54-08DB-4819-A61E-1F4E4A6B8531}"
EndProject
Project("{FAE04EC0-301F-11D3-BF4B-00C04F79EFBC}") = "GodsGameApi", "GodsGameApi\GodsGameApi.csproj", "{2B774D8B-C81D-42BC-8FDA-EAF3E50632F8}"
EndProject
Project("{FAE04EC0-301F-11D3-BF4B-00C04F79EFBC}") = "GameControl", "GameControl\GameControl.csproj", "{B66651D6-8525-43E4-976A-6EDF8BDD37F9}"
EndProject
Global
	GlobalSection(SolutionConfigurationPlatforms) = preSolution
		Debug|Any CPU = Debug|Any CPU
		Release|Any CPU = Release|Any CPU
	EndGlobalSection
	GlobalSection(ProjectConfigurationPlatforms) = postSolution
		{A86B60A2-6C0C-4720-B34A-36D6F5F7CEBC}.Debug|Any CPU.ActiveCfg = Debug|Any CPU
		{A86B60A2-6C0C-4720-B34A-36D6F5F7CEBC}.Debug|Any CPU.Build.0 = Debug|Any CPU
		{A86B60A2-6C0C-4720-B34A-36D6F5F7CEBC}.Release|Any CPU.ActiveCfg = Release|Any CPU
		{A86B60A2-6C0C-4720-B34A-36D6F5F7CEBC}.Release|Any CPU.Build.0 = Release|Any CPU
		{D868685A-E928-4F44-87F0-EDC2BDC716C9}.Debug|Any CPU.ActiveCfg = Debug|Any CPU
		{D868685A-E928-4F44-87F0-EDC2BDC716C9}.Debug|Any CPU.Build.0 = Debug|Any CPU
		{D868685A-E928-4F44-87F0-EDC2BDC716C9}.Release|Any CPU.ActiveCfg = Release|Any CPU
		{D868685A-E928-4F44-87F0-EDC2BDC716C9}.Release|Any CPU.Build.0 = Release|Any CPU
		{27CA658C-F9FD-4A20-8667-E442C9A67959}.Debug|Any CPU.ActiveCfg = Debug|Any CPU
		{27CA658C-F9FD-4A20-8667-E442C9A67959}.Debug|Any CPU.Build.0 = Debug|Any CPU
		{27CA658C-F9FD-4A20-8667-E442C9A67959}.Release|Any CPU.ActiveCfg = Release|Any CPU
		{27CA658C-F9FD-4A20-8667-E442C9A67959}.Release|Any CPU.Build.0 = Release|Any CPU
		{1CCB50C8-A3FF-4DF9-8E55-11FFD247CED5}.Debug|Any CPU.ActiveCfg = Debug|Any CPU
		{1CCB50C8-A3FF-4DF9-8E55-11FFD247CED5}.Debug|Any CPU.Build.0 = Debug|Any CPU
		{1CCB50C8-A3FF-4DF9-8E55-11FFD247CED5}.Release|Any CPU.ActiveCfg = Release|Any CPU
		{1CCB50C8-A3FF-4DF9-8E55-11FFD247CED5}.Release|Any CPU.Build.0 = Release|Any CPU
		{1253FD54-08DB-4819-A61E-1F4E4A6B8531}.Debug|Any CPU.ActiveCfg = Debug|Any CPU
		{1253FD54-08DB-4819-A61E-1F4E4A6B8531}.Debug|Any CPU.Build.0 = Debug|Any CPU
		{1253FD54-08DB-4819-A61E-1F4E4A6B8531}.Release|Any CPU.ActiveCfg = Release|Any CPU
		{1253FD54-08DB-4819-A61E-1F4E4A6B8531}.Release|Any CPU.Build.0 = Release|Any CPU
		{2B774D8B-C81D-42BC-8FDA-EAF3E50632F8}.Debug|Any CPU.ActiveCfg = Debug|Any CPU
		{2B774D8B-C81D-42BC-8FDA-EAF3E50632F8}.Debug|Any CPU.Build.0 = Debug|Any CPU
		{2B774D8B-C81D-42BC-8FDA-EAF3E50632F8}.Release|Any CPU.ActiveCfg = Release|Any CPU
		{2B774D8B-C81D-42BC-8FDA-EAF3E50632F8}.Release|Any CPU.Build.0 = Release|Any CPU
		{B66651D6-8525-43E4-976A-6EDF8BDD37F9}.Debug|Any CPU.ActiveCfg = Debug|Any CPU
		{B66651D6-8525-43E4-976A-6EDF8BDD37F9}.Debug|Any CPU.Build.0 = Debug|Any CPU
		{B66651D6-8525-43E4-976A-6EDF8BDD37F9}.Release|Any CPU.ActiveCfg = Release|Any CPU
		{B66651D6-8525-43E4-976A-6EDF8BDD37F9}.Release|Any CPU.Build.0 = Release|Any CPU
	EndGlobalSection
	GlobalSection(SolutionProperties) = preSolution
		HideSolutionNode = FALSE
	EndGlobalSection
	GlobalSection(Performance) = preSolution
		HasPerformanceSessions = true
	EndGlobalSection
EndGlobal
